
Microsoft Visual Studio Solution File, Format Version 12.00
Project("{FAE04EC0-301F-11D3-BF4B-00C04F79EFBC}") = "Blog.Blazor", "Blog.Blazor\Blog.Blazor.csproj", "{02F117B9-555D-4967-B100-F5D882E442D0}"
EndProject
Project("{FAE04EC0-301F-11D3-BF4B-00C04F79EFBC}") = "Blog.Blazor.Test", "Blog.Blazor.Test\Blog.Blazor.Test.csproj", "{11BA5A72-555B-488C-BEB5-ACB4C83635ED}"
EndProject
Global
	GlobalSection(SolutionConfigurationPlatforms) = preSolution
		Debug|Any CPU = Debug|Any CPU
		Debug|x64 = Debug|x64
		Debug|x86 = Debug|x86
		Release|Any CPU = Release|Any CPU
		Release|x64 = Release|x64
		Release|x86 = Release|x86
	EndGlobalSection
	GlobalSection(ProjectConfigurationPlatforms) = postSolution
		{02F117B9-555D-4967-B100-F5D882E442D0}.Debug|Any CPU.ActiveCfg = Debug|Any CPU
		{02F117B9-555D-4967-B100-F5D882E442D0}.Debug|Any CPU.Build.0 = Debug|Any CPU
		{02F117B9-555D-4967-B100-F5D882E442D0}.Debug|x64.ActiveCfg = Debug|Any CPU
		{02F117B9-555D-4967-B100-F5D882E442D0}.Debug|x64.Build.0 = Debug|Any CPU
		{02F117B9-555D-4967-B100-F5D882E442D0}.Debug|x86.ActiveCfg = Debug|Any CPU
		{02F117B9-555D-4967-B100-F5D882E442D0}.Debug|x86.Build.0 = Debug|Any CPU
		{02F117B9-555D-4967-B100-F5D882E442D0}.Release|Any CPU.ActiveCfg = Release|Any CPU
		{02F117B9-555D-4967-B100-F5D882E442D0}.Release|Any CPU.Build.0 = Release|Any CPU
		{02F117B9-555D-4967-B100-F5D882E442D0}.Release|x64.ActiveCfg = Release|Any CPU
		{02F117B9-555D-4967-B100-F5D882E442D0}.Release|x64.Build.0 = Release|Any CPU
		{02F117B9-555D-4967-B100-F5D882E442D0}.Release|x86.ActiveCfg = Release|Any CPU
		{02F117B9-555D-4967-B100-F5D882E442D0}.Release|x86.Build.0 = Release|Any CPU
		{11BA5A72-555B-488C-BEB5-ACB4C83635ED}.Debug|Any CPU.ActiveCfg = Debug|Any CPU
		{11BA5A72-555B-488C-BEB5-ACB4C83635ED}.Debug|Any CPU.Build.0 = Debug|Any CPU
		{11BA5A72-555B-488C-BEB5-ACB4C83635ED}.Debug|x64.ActiveCfg = Debug|Any CPU
		{11BA5A72-555B-488C-BEB5-ACB4C83635ED}.Debug|x64.Build.0 = Debug|Any CPU
		{11BA5A72-555B-488C-BEB5-ACB4C83635ED}.Debug|x86.ActiveCfg = Debug|Any CPU
		{11BA5A72-555B-488C-BEB5-ACB4C83635ED}.Debug|x86.Build.0 = Debug|Any CPU
		{11BA5A72-555B-488C-BEB5-ACB4C83635ED}.Release|Any CPU.ActiveCfg = Release|Any CPU
		{11BA5A72-555B-488C-BEB5-ACB4C83635ED}.Release|Any CPU.Build.0 = Release|Any CPU
		{11BA5A72-555B-488C-BEB5-ACB4C83635ED}.Release|x64.ActiveCfg = Release|Any CPU
		{11BA5A72-555B-488C-BEB5-ACB4C83635ED}.Release|x64.Build.0 = Release|Any CPU
		{11BA5A72-555B-488C-BEB5-ACB4C83635ED}.Release|x86.ActiveCfg = Release|Any CPU
		{11BA5A72-555B-488C-BEB5-ACB4C83635ED}.Release|x86.Build.0 = Release|Any CPU
	EndGlobalSection
	GlobalSection(SolutionProperties) = preSolution
		HideSolutionNode = FALSE
	EndGlobalSection
EndGlobal
